{
  "name": "tools",
  "version": "1.0.0",
  "lockfileVersion": 3,
  "requires": true,
  "packages": {
    "": {
      "name": "tools",
      "version": "1.0.0",
      "license": "MIT",
      "dependencies": {
        "ai-providers": "file:../ai-providers"
      }
    },
    "../ai-providers": {
      "version": "1.0.0",
      "dependencies": {
        "axios": "^1.13.6",
        "digital-twin-router": "file:../digital-twin-router"
      }
    },
    "node_modules/ai-providers": {
      "resolved": "../ai-providers",
      "link": true
    }
  }
}
